
Microsoft Visual Studio Solution File, Format Version 12.00
# Visual Studio Version 16
VisualStudioVersion = 16.0.31129.286
MinimumVisualStudioVersion = 10.0.40219.1
Project("{FAE04EC0-301F-11D3-BF4B-00C04F79EFBC}") = "AppOrderWorker", "AppOrderWorker\AppOrderWorker.csproj", "{0456350C-50CD-4379-BC4D-0BB3B9174A54}"
EndProject
Global
	GlobalSection(SolutionConfigurationPlatforms) = preSolution
		Debug|Any CPU = Debug|Any CPU
		Release|Any CPU = Release|Any CPU
	EndGlobalSection
	GlobalSection(ProjectConfigurationPlatforms) = postSolution
		{0456350C-50CD-4379-BC4D-0BB3B9174A54}.Debug|Any CPU.ActiveCfg = Debug|Any CPU
		{0456350C-50CD-4379-BC4D-0BB3B9174A54}.Debug|Any CPU.Build.0 = Debug|Any CPU
		{0456350C-50CD-4379-BC4D-0BB3B9174A54}.Release|Any CPU.ActiveCfg = Release|Any CPU
		{0456350C-50CD-4379-BC4D-0BB3B9174A54}.Release|Any CPU.Build.0 = Release|Any CPU
	EndGlobalSection
	GlobalSection(SolutionProperties) = preSolution
		HideSolutionNode = FALSE
	EndGlobalSection
	GlobalSection(ExtensibilityGlobals) = postSolution
		SolutionGuid = {10DF3074-E0CD-447E-88BB-51993562F5C3}
	EndGlobalSection
EndGlobal
