
Microsoft Visual Studio Solution File, Format Version 12.00
# Visual Studio Version 16
VisualStudioVersion = 16.0.31129.286
MinimumVisualStudioVersion = 10.0.40219.1
Project("{2150E333-8FDC-42A3-9474-1A3956D46DE8}") = "Microservices", "Microservices", "{C1C0308D-5FC4-49F5-85F1-530CC6431462}"
EndProject
Project("{2150E333-8FDC-42A3-9474-1A3956D46DE8}") = "Domain", "Domain", "{BDAEDF04-BDC9-4A8D-ABAB-7A0747D73F90}"
EndProject
Project("{2150E333-8FDC-42A3-9474-1A3956D46DE8}") = "Infra.Bus", "Infra.Bus", "{DF695BE4-8964-4C9C-A677-8B44AB5AB576}"
EndProject
Project("{2150E333-8FDC-42A3-9474-1A3956D46DE8}") = "Infra.IoC", "Infra.IoC", "{1DCAB251-0431-4AA2-A31A-CBB85B4F7AA3}"
EndProject
Project("{2150E333-8FDC-42A3-9474-1A3956D46DE8}") = "Presentation", "Presentation", "{67C65C16-EAF5-4C9E-82A8-3F6F5B1B41D0}"
EndProject
Project("{9A19103F-16F7-4668-BE54-9A1E7A4F7556}") = "MicroRabbit.Domain.Core", "MicroRabbit.Domain.Core\MicroRabbit.Domain.Core.csproj", "{857E6A43-2633-4058-A809-62CEAC579248}"
EndProject
Project("{9A19103F-16F7-4668-BE54-9A1E7A4F7556}") = "MicroRabbit.Infra.Bus", "MicroRabbit.Infra.Bus\MicroRabbit.Infra.Bus.csproj", "{69303B3A-17DC-40F0-BA4F-68F69751856E}"
EndProject
Project("{9A19103F-16F7-4668-BE54-9A1E7A4F7556}") = "MicroRabbit.Infra.IoC", "MicroRabbit.Infra.IoC\MicroRabbit.Infra.IoC.csproj", "{B1D63CFF-07A7-4FF0-9757-07F74B41AE55}"
EndProject
Project("{2150E333-8FDC-42A3-9474-1A3956D46DE8}") = "Banking", "Banking", "{DF48DBB3-9080-4FA9-B1EE-E255FD010154}"
EndProject
Project("{2150E333-8FDC-42A3-9474-1A3956D46DE8}") = "Api", "Api", "{8C4F5DEE-7BD3-4197-B919-67F337B61250}"
EndProject
Project("{2150E333-8FDC-42A3-9474-1A3956D46DE8}") = "Domain", "Domain", "{5653DF3B-9B59-4D15-8B8F-C91C65D1A4D6}"
EndProject
Project("{2150E333-8FDC-42A3-9474-1A3956D46DE8}") = "Application", "Application", "{C05E0426-6EAE-4F8C-B1A0-A94D55697808}"
EndProject
Project("{2150E333-8FDC-42A3-9474-1A3956D46DE8}") = "Data", "Data", "{6E474EAC-CE9E-4EC4-8A4B-5B3EA9ACF4CE}"
EndProject
Project("{9A19103F-16F7-4668-BE54-9A1E7A4F7556}") = "MicroRabbit.Banking.Application", "MicroRabbit.Banking.Application\MicroRabbit.Banking.Application.csproj", "{99B5993B-B988-47EE-81F9-9727010A9F8A}"
EndProject
Project("{9A19103F-16F7-4668-BE54-9A1E7A4F7556}") = "MicroRabbit.Banking.Data", "MicroRabbit.Banking.Data\MicroRabbit.Banking.Data.csproj", "{B483149F-CD42-4833-9ED8-7DF1DC71F594}"
EndProject
Project("{9A19103F-16F7-4668-BE54-9A1E7A4F7556}") = "MicroRabbit.Banking.Domain", "MicroRabbit.Banking.Domain\MicroRabbit.Banking.Domain.csproj", "{B3786F93-10F4-4C2A-9F04-495932B193CA}"
EndProject
Project("{9A19103F-16F7-4668-BE54-9A1E7A4F7556}") = "MicroRabbit.Banking.Api", "MicroRabbit.Banking.Api\MicroRabbit.Banking.Api.csproj", "{EE583569-B6DB-48F8-8C3D-4A8808E4F399}"
EndProject
Project("{2150E333-8FDC-42A3-9474-1A3956D46DE8}") = "Transfer", "Transfer", "{3258A2C9-B504-43D4-A79C-B89EB1FDD53B}"
EndProject
Project("{2150E333-8FDC-42A3-9474-1A3956D46DE8}") = "Api", "Api", "{D913CDD2-F51E-4ABD-B278-DC49F6CE767B}"
EndProject
Project("{2150E333-8FDC-42A3-9474-1A3956D46DE8}") = "Application", "Application", "{535907BD-DE91-4A34-8EE7-4BD8520A2CE0}"
EndProject
Project("{2150E333-8FDC-42A3-9474-1A3956D46DE8}") = "Data", "Data", "{0A732C74-DE77-4B7F-8537-0B1E95AD4967}"
EndProject
Project("{2150E333-8FDC-42A3-9474-1A3956D46DE8}") = "Domain", "Domain", "{A1102AF4-F9CD-4A35-8CBB-BA91BAE307D7}"
EndProject
Project("{9A19103F-16F7-4668-BE54-9A1E7A4F7556}") = "MicroRabbit.Transfer.Application", "MicroRabbit.Transfer.Application\MicroRabbit.Transfer.Application.csproj", "{EA562CA3-3C27-453D-A4ED-BDF3C54C2F9A}"
EndProject
Project("{9A19103F-16F7-4668-BE54-9A1E7A4F7556}") = "MicroRabbit.Transfer.Domain", "MicroRabbit.Transfer.Domain\MicroRabbit.Transfer.Domain.csproj", "{A36BB06B-F1E5-4889-AA4B-AB406AF2846A}"
EndProject
Project("{9A19103F-16F7-4668-BE54-9A1E7A4F7556}") = "MicroRabbit.Transfer.Data", "MicroRabbit.Transfer.Data\MicroRabbit.Transfer.Data.csproj", "{7104C530-A438-499F-B736-A36EAC63006A}"
EndProject
Project("{FAE04EC0-301F-11D3-BF4B-00C04F79EFBC}") = "MicroRabbit.Transfer.Api", "MicroRabbit.Transfer.Api\MicroRabbit.Transfer.Api.csproj", "{21C2CCEC-6871-4B40-910A-1255645EAD59}"
EndProject
Global
	GlobalSection(SolutionConfigurationPlatforms) = preSolution
		Debug|Any CPU = Debug|Any CPU
		Release|Any CPU = Release|Any CPU
	EndGlobalSection
	GlobalSection(ProjectConfigurationPlatforms) = postSolution
		{857E6A43-2633-4058-A809-62CEAC579248}.Debug|Any CPU.ActiveCfg = Debug|Any CPU
		{857E6A43-2633-4058-A809-62CEAC579248}.Debug|Any CPU.Build.0 = Debug|Any CPU
		{857E6A43-2633-4058-A809-62CEAC579248}.Release|Any CPU.ActiveCfg = Release|Any CPU
		{857E6A43-2633-4058-A809-62CEAC579248}.Release|Any CPU.Build.0 = Release|Any CPU
		{69303B3A-17DC-40F0-BA4F-68F69751856E}.Debug|Any CPU.ActiveCfg = Debug|Any CPU
		{69303B3A-17DC-40F0-BA4F-68F69751856E}.Debug|Any CPU.Build.0 = Debug|Any CPU
		{69303B3A-17DC-40F0-BA4F-68F69751856E}.Release|Any CPU.ActiveCfg = Release|Any CPU
		{69303B3A-17DC-40F0-BA4F-68F69751856E}.Release|Any CPU.Build.0 = Release|Any CPU
		{B1D63CFF-07A7-4FF0-9757-07F74B41AE55}.Debug|Any CPU.ActiveCfg = Debug|Any CPU
		{B1D63CFF-07A7-4FF0-9757-07F74B41AE55}.Debug|Any CPU.Build.0 = Debug|Any CPU
		{B1D63CFF-07A7-4FF0-9757-07F74B41AE55}.Release|Any CPU.ActiveCfg = Release|Any CPU
		{B1D63CFF-07A7-4FF0-9757-07F74B41AE55}.Release|Any CPU.Build.0 = Release|Any CPU
		{99B5993B-B988-47EE-81F9-9727010A9F8A}.Debug|Any CPU.ActiveCfg = Debug|Any CPU
		{99B5993B-B988-47EE-81F9-9727010A9F8A}.Debug|Any CPU.Build.0 = Debug|Any CPU
		{99B5993B-B988-47EE-81F9-9727010A9F8A}.Release|Any CPU.ActiveCfg = Release|Any CPU
		{99B5993B-B988-47EE-81F9-9727010A9F8A}.Release|Any CPU.Build.0 = Release|Any CPU
		{B483149F-CD42-4833-9ED8-7DF1DC71F594}.Debug|Any CPU.ActiveCfg = Debug|Any CPU
		{B483149F-CD42-4833-9ED8-7DF1DC71F594}.Debug|Any CPU.Build.0 = Debug|Any CPU
		{B483149F-CD42-4833-9ED8-7DF1DC71F594}.Release|Any CPU.ActiveCfg = Release|Any CPU
		{B483149F-CD42-4833-9ED8-7DF1DC71F594}.Release|Any CPU.Build.0 = Release|Any CPU
		{B3786F93-10F4-4C2A-9F04-495932B193CA}.Debug|Any CPU.ActiveCfg = Debug|Any CPU
		{B3786F93-10F4-4C2A-9F04-495932B193CA}.Debug|Any CPU.Build.0 = Debug|Any CPU
		{B3786F93-10F4-4C2A-9F04-495932B193CA}.Release|Any CPU.ActiveCfg = Release|Any CPU
		{B3786F93-10F4-4C2A-9F04-495932B193CA}.Release|Any CPU.Build.0 = Release|Any CPU
		{EE583569-B6DB-48F8-8C3D-4A8808E4F399}.Debug|Any CPU.ActiveCfg = Debug|Any CPU
		{EE583569-B6DB-48F8-8C3D-4A8808E4F399}.Debug|Any CPU.Build.0 = Debug|Any CPU
		{EE583569-B6DB-48F8-8C3D-4A8808E4F399}.Release|Any CPU.ActiveCfg = Release|Any CPU
		{EE583569-B6DB-48F8-8C3D-4A8808E4F399}.Release|Any CPU.Build.0 = Release|Any CPU
		{EA562CA3-3C27-453D-A4ED-BDF3C54C2F9A}.Debug|Any CPU.ActiveCfg = Debug|Any CPU
		{EA562CA3-3C27-453D-A4ED-BDF3C54C2F9A}.Debug|Any CPU.Build.0 = Debug|Any CPU
		{EA562CA3-3C27-453D-A4ED-BDF3C54C2F9A}.Release|Any CPU.ActiveCfg = Release|Any CPU
		{EA562CA3-3C27-453D-A4ED-BDF3C54C2F9A}.Release|Any CPU.Build.0 = Release|Any CPU
		{A36BB06B-F1E5-4889-AA4B-AB406AF2846A}.Debug|Any CPU.ActiveCfg = Debug|Any CPU
		{A36BB06B-F1E5-4889-AA4B-AB406AF2846A}.Debug|Any CPU.Build.0 = Debug|Any CPU
		{A36BB06B-F1E5-4889-AA4B-AB406AF2846A}.Release|Any CPU.ActiveCfg = Release|Any CPU
		{A36BB06B-F1E5-4889-AA4B-AB406AF2846A}.Release|Any CPU.Build.0 = Release|Any CPU
		{7104C530-A438-499F-B736-A36EAC63006A}.Debug|Any CPU.ActiveCfg = Debug|Any CPU
		{7104C530-A438-499F-B736-A36EAC63006A}.Debug|Any CPU.Build.0 = Debug|Any CPU
		{7104C530-A438-499F-B736-A36EAC63006A}.Release|Any CPU.ActiveCfg = Release|Any CPU
		{7104C530-A438-499F-B736-A36EAC63006A}.Release|Any CPU.Build.0 = Release|Any CPU
		{21C2CCEC-6871-4B40-910A-1255645EAD59}.Debug|Any CPU.ActiveCfg = Debug|Any CPU
		{21C2CCEC-6871-4B40-910A-1255645EAD59}.Debug|Any CPU.Build.0 = Debug|Any CPU
		{21C2CCEC-6871-4B40-910A-1255645EAD59}.Release|Any CPU.ActiveCfg = Release|Any CPU
		{21C2CCEC-6871-4B40-910A-1255645EAD59}.Release|Any CPU.Build.0 = Release|Any CPU
	EndGlobalSection
	GlobalSection(SolutionProperties) = preSolution
		HideSolutionNode = FALSE
	EndGlobalSection
	GlobalSection(NestedProjects) = preSolution
		{857E6A43-2633-4058-A809-62CEAC579248} = {BDAEDF04-BDC9-4A8D-ABAB-7A0747D73F90}
		{69303B3A-17DC-40F0-BA4F-68F69751856E} = {DF695BE4-8964-4C9C-A677-8B44AB5AB576}
		{B1D63CFF-07A7-4FF0-9757-07F74B41AE55} = {1DCAB251-0431-4AA2-A31A-CBB85B4F7AA3}
		{DF48DBB3-9080-4FA9-B1EE-E255FD010154} = {C1C0308D-5FC4-49F5-85F1-530CC6431462}
		{8C4F5DEE-7BD3-4197-B919-67F337B61250} = {DF48DBB3-9080-4FA9-B1EE-E255FD010154}
		{5653DF3B-9B59-4D15-8B8F-C91C65D1A4D6} = {DF48DBB3-9080-4FA9-B1EE-E255FD010154}
		{C05E0426-6EAE-4F8C-B1A0-A94D55697808} = {DF48DBB3-9080-4FA9-B1EE-E255FD010154}
		{6E474EAC-CE9E-4EC4-8A4B-5B3EA9ACF4CE} = {DF48DBB3-9080-4FA9-B1EE-E255FD010154}
		{99B5993B-B988-47EE-81F9-9727010A9F8A} = {C05E0426-6EAE-4F8C-B1A0-A94D55697808}
		{B483149F-CD42-4833-9ED8-7DF1DC71F594} = {6E474EAC-CE9E-4EC4-8A4B-5B3EA9ACF4CE}
		{B3786F93-10F4-4C2A-9F04-495932B193CA} = {5653DF3B-9B59-4D15-8B8F-C91C65D1A4D6}
		{EE583569-B6DB-48F8-8C3D-4A8808E4F399} = {8C4F5DEE-7BD3-4197-B919-67F337B61250}
		{3258A2C9-B504-43D4-A79C-B89EB1FDD53B} = {C1C0308D-5FC4-49F5-85F1-530CC6431462}
		{D913CDD2-F51E-4ABD-B278-DC49F6CE767B} = {3258A2C9-B504-43D4-A79C-B89EB1FDD53B}
		{535907BD-DE91-4A34-8EE7-4BD8520A2CE0} = {3258A2C9-B504-43D4-A79C-B89EB1FDD53B}
		{0A732C74-DE77-4B7F-8537-0B1E95AD4967} = {3258A2C9-B504-43D4-A79C-B89EB1FDD53B}
		{A1102AF4-F9CD-4A35-8CBB-BA91BAE307D7} = {3258A2C9-B504-43D4-A79C-B89EB1FDD53B}
		{EA562CA3-3C27-453D-A4ED-BDF3C54C2F9A} = {535907BD-DE91-4A34-8EE7-4BD8520A2CE0}
		{A36BB06B-F1E5-4889-AA4B-AB406AF2846A} = {A1102AF4-F9CD-4A35-8CBB-BA91BAE307D7}
		{7104C530-A438-499F-B736-A36EAC63006A} = {0A732C74-DE77-4B7F-8537-0B1E95AD4967}
		{21C2CCEC-6871-4B40-910A-1255645EAD59} = {D913CDD2-F51E-4ABD-B278-DC49F6CE767B}
	EndGlobalSection
	GlobalSection(ExtensibilityGlobals) = postSolution
		SolutionGuid = {35CACC76-5B75-4E0E-B894-CEFF2BE2F913}
	EndGlobalSection
EndGlobal
